// !$*UTF8*$!
{
	archiveVersion = 1;
	classes = {
	};
	objectVersion = 46;
	objects = {

/* Begin PBXBuildFile section */
		860CD4FF1AAB7A510066D5B4 /* RecordedAudio.swift in Sources */ = {isa = PBXBuildFile; fileRef = 860CD4FE1AAB7A510066D5B4 /* RecordedAudio.swift */; };
		8639FEB21AAA2B3800A94754 /* PlayerViewController.swift in Sources */ = {isa = PBXBuildFile; fileRef = 8639FEB11AAA2B3800A94754 /* PlayerViewController.swift */; };
		86BCD3111AA9B63400C58071 /* AppDelegate.swift in Sources */ = {isa = PBXBuildFile; fileRef = 86BCD3101AA9B63400C58071 /* AppDelegate.swift */; };
		86BCD3131AA9B63400C58071 /* RecorderViewController.swift in Sources */ = {isa = PBXBuildFile; fileRef = 86BCD3121AA9B63400C58071 /* RecorderViewController.swift */; };
		86BCD3161AA9B63400C58071 /* Main.storyboard in Resources */ = {isa = PBXBuildFile; fileRef = 86BCD3141AA9B63400C58071 /* Main.storyboard */; };
		86BCD3181AA9B63400C58071 /* Images.xcassets in Resources */ = {isa = PBXBuildFile; fileRef = 86BCD3171AA9B63400C58071 /* Images.xcassets */; };
		86BCD31B1AA9B63400C58071 /* LaunchScreen.xib in Resources */ = {isa = PBXBuildFile; fileRef = 86BCD3191AA9B63400C58071 /* LaunchScreen.xib */; };
		86BCD3271AA9B63500C58071 /* Pitch_PerfectTests.swift in Sources */ = {isa = PBXBuildFile; fileRef = 86BCD3261AA9B63500C58071 /* Pitch_PerfectTests.swift */; };
/* End PBXBuildFile section */

/* Begin PBXContainerItemProxy section */
		86BCD3211AA9B63500C58071 /* PBXContainerItemProxy */ = {
			isa = PBXContainerItemProxy;
			containerPortal = 86BCD3031AA9B63400C58071 /* Project object */;
			proxyType = 1;
			remoteGlobalIDString = 86BCD30A1AA9B63400C58071;
			remoteInfo = "Pitch Perfect";
		};
/* End PBXContainerItemProxy section */

/* Begin PBXFileReference section */
		860CD4FE1AAB7A510066D5B4 /* RecordedAudio.swift */ = {isa = PBXFileReference; fileEncoding = 4; lastKnownFileType = sourcecode.swift; path = RecordedAudio.swift; sourceTree = "<group>"; };
		8639FEB11AAA2B3800A94754 /* PlayerViewController.swift */ = {isa = PBXFileReference; fileEncoding = 4; lastKnownFileType = sourcecode.swift; path = PlayerViewController.swift; sourceTree = "<group>"; };
		86BCD30B1AA9B63400C58071 /* Pitch Perfect.app */ = {isa = PBXFileReference; explicitFileType = wrapper.application; includeInIndex = 0; path = "Pitch Perfect.app"; sourceTree = BUILT_PRODUCTS_DIR; };
		86BCD30F1AA9B63400C58071 /* Info.plist */ = {isa = PBXFileReference; lastKnownFileType = text.plist.xml; path = Info.plist; sourceTree = "<group>"; };
		86BCD3101AA9B63400C58071 /* AppDelegate.swift */ = {isa = PBXFileReference; lastKnownFileType = sourcecode.swift; path = AppDelegate.swift; sourceTree = "<group>"; };
		86BCD3121AA9B63400C58071 /* RecorderViewController.swift */ = {isa = PBXFileReference; lastKnownFileType = sourcecode.swift; path = RecorderViewController.swift; sourceTree = "<group>"; };
		86BCD3151AA9B63400C58071 /* Base */ = {isa = PBXFileReference; lastKnownFileType = file.storyboard; name = Base; path = Base.lproj/Main.storyboard; sourceTree = "<group>"; };
		86BCD3171AA9B63400C58071 /* Images.xcassets */ = {isa = PBXFileReference; lastKnownFileType = folder.assetcatalog; path = Images.xcassets; sourceTree = "<group>"; };
		86BCD31A1AA9B63400C58071 /* Base */ = {isa = PBXFileReference; lastKnownFileType = file.xib; name = Base; path = Base.lproj/LaunchScreen.xib; sourceTree = "<group>"; };
		86BCD3201AA9B63500C58071 /* Pitch PerfectTests.xctest */ = {isa = PBXFileReference; explicitFileType = wrapper.cfbundle; includeInIndex = 0; path = "Pitch PerfectTests.xctest"; sourceTree = BUILT_PRODUCTS_DIR; };
		86BCD3251AA9B63500C58071 /* Info.plist */ = {isa = PBXFileReference; lastKnownFileType = text.plist.xml; path = Info.plist; sourceTree = "<group>"; };
		86BCD3261AA9B63500C58071 /* Pitch_PerfectTests.swift */ = {isa = PBXFileReference; lastKnownFileType = sourcecode.swift; path = Pitch_PerfectTests.swift; sourceTree = "<group>"; };
/* End PBXFileReference section */

/* Begin PBXFrameworksBuildPhase section */
		86BCD3081AA9B63400C58071 /* Frameworks */ = {
			isa = PBXFrameworksBuildPhase;
			buildActionMask = 2147483647;
			files = (
			);
			runOnlyForDeploymentPostprocessing = 0;
		};
		86BCD31D1AA9B63500C58071 /* Frameworks */ = {
			isa = PBXFrameworksBuildPhase;
			buildActionMask = 2147483647;
			files = (
			);
			runOnlyForDeploymentPostprocessing = 0;
		};
/* End PBXFrameworksBuildPhase section */

/* Begin PBXGroup section */
		86BCD3021AA9B63400C58071 = {
			isa = PBXGroup;
			children = (
				860CD4FE1AAB7A510066D5B4 /* RecordedAudio.swift */,
				86BCD30D1AA9B63400C58071 /* Pitch Perfect */,
				86BCD3231AA9B63500C58071 /* Pitch PerfectTests */,
				86BCD30C1AA9B63400C58071 /* Products */,
			);
			sourceTree = "<group>";
		};
		86BCD30C1AA9B63400C58071 /* Products */ = {
			isa = PBXGroup;
			children = (
				86BCD30B1AA9B63400C58071 /* Pitch Perfect.app */,
				86BCD3201AA9B63500C58071 /* Pitch PerfectTests.xctest */,
			);
			name = Products;
			sourceTree = "<group>";
		};
		86BCD30D1AA9B63400C58071 /* Pitch Perfect */ = {
			isa = PBXGroup;
			children = (
				86BCD3101AA9B63400C58071 /* AppDelegate.swift */,
				86BCD3121AA9B63400C58071 /* RecorderViewController.swift */,
				86BCD3141AA9B63400C58071 /* Main.storyboard */,
				8639FEB11AAA2B3800A94754 /* PlayerViewController.swift */,
				86BCD3171AA9B63400C58071 /* Images.xcassets */,
				86BCD3191AA9B63400C58071 /* LaunchScreen.xib */,
				86BCD30E1AA9B63400C58071 /* Supporting Files */,
			);
			path = "Pitch Perfect";
			sourceTree = "<group>";
		};
		86BCD30E1AA9B63400C58071 /* Supporting Files */ = {
			isa = PBXGroup;
			children = (
				86BCD30F1AA9B63400C58071 /* Info.plist */,
			);
			name = "Supporting Files";
			sourceTree = "<group>";
		};
		86BCD3231AA9B63500C58071 /* Pitch PerfectTests */ = {
			isa = PBXGroup;
			children = (
				86BCD3261AA9B63500C58071 /* Pitch_PerfectTests.swift */,
				86BCD3241AA9B63500C58071 /* Supporting Files */,
			);
			path = "Pitch PerfectTests";
			sourceTree = "<group>";
		};
		86BCD3241AA9B63500C58071 /* Supporting Files */ = {
			isa = PBXGroup;
			children = (
				86BCD3251AA9B63500C58071 /* Info.plist */,
			);
			name = "Supporting Files";
			sourceTree = "<group>";
		};
/* End PBXGroup section */

/* Begin PBXNativeTarget section */
		86BCD30A1AA9B63400C58071 /* Pitch Perfect */ = {
			isa = PBXNativeTarget;
			buildConfigurationList = 86BCD32A1AA9B63500C58071 /* Build configuration list for PBXNativeTarget "Pitch Perfect" */;
			buildPhases = (
				86BCD3071AA9B63400C58071 /* Sources */,
				86BCD3081AA9B63400C58071 /* Frameworks */,
				86BCD3091AA9B63400C58071 /* Resources */,
			);
			buildRules = (
			);
			dependencies = (
			);
			name = "Pitch Perfect";
			productName = "Pitch Perfect";
			productReference = 86BCD30B1AA9B63400C58071 /* Pitch Perfect.app */;
			productType = "com.apple.product-type.application";
		};
		86BCD31F1AA9B63500C58071 /* Pitch PerfectTests */ = {
			isa = PBXNativeTarget;
			buildConfigurationList = 86BCD32D1AA9B63500C58071 /* Build configuration list for PBXNativeTarget "Pitch PerfectTests" */;
			buildPhases = (
				86BCD31C1AA9B63500C58071 /* Sources */,
				86BCD31D1AA9B63500C58071 /* Frameworks */,
				86BCD31E1AA9B63500C58071 /* Resources */,
			);
			buildRules = (
			);
			dependencies = (
				86BCD3221AA9B63500C58071 /* PBXTargetDependency */,
			);
			name = "Pitch PerfectTests";
			productName = "Pitch PerfectTests";
			productReference = 86BCD3201AA9B63500C58071 /* Pitch PerfectTests.xctest */;
			productType = "com.apple.product-type.bundle.unit-test";
		};
/* End PBXNativeTarget section */

/* Begin PBXProject section */
		86BCD3031AA9B63400C58071 /* Project object */ = {
			isa = PBXProject;
			attributes = {
				LastUpgradeCheck = 0610;
				ORGANIZATIONNAME = Thomas;
				TargetAttributes = {
					86BCD30A1AA9B63400C58071 = {
						CreatedOnToolsVersion = 6.1.1;
						DevelopmentTeam = USV26HYS57;
						SystemCapabilities = {
							com.apple.Maps.iOS = {
								enabled = 0;
							};
						};
					};
					86BCD31F1AA9B63500C58071 = {
						CreatedOnToolsVersion = 6.1.1;
						TestTargetID = 86BCD30A1AA9B63400C58071;
					};
				};
			};
			buildConfigurationList = 86BCD3061AA9B63400C58071 /* Build configuration list for PBXProject "Pitch Perfect" */;
			compatibilityVersion = "Xcode 3.2";
			developmentRegion = English;
			hasScannedForEncodings = 0;
			knownRegions = (
				en,
				Base,
			);
			mainGroup = 86BCD3021AA9B63400C58071;
			productRefGroup = 86BCD30C1AA9B63400C58071 /* Products */;
			projectDirPath = "";
			projectRoot = "";
			targets = (
				86BCD30A1AA9B63400C58071 /* Pitch Perfect */,
				86BCD31F1AA9B63500C58071 /* Pitch PerfectTests */,
			);
		};
/* End PBXProject section */

/* Begin PBXResourcesBuildPhase section */
		86BCD3091AA9B63400C58071 /* Resources */ = {
			isa = PBXResourcesBuildPhase;
			buildActionMask = 2147483647;
			files = (
				86BCD3161AA9B63400C58071 /* Main.storyboard in Resources */,
				86BCD31B1AA9B63400C58071 /* LaunchScreen.xib in Resources */,
				86BCD3181AA9B63400C58071 /* Images.xcassets in Resources */,
			);
			runOnlyForDeploymentPostprocessing = 0;
		};
		86BCD31E1AA9B63500C58071 /* Resources */ = {
			isa = PBXResourcesBuildPhase;
			buildActionMask = 2147483647;
			files = (
			);
			runOnlyForDeploymentPostprocessing = 0;
		};
/* End PBXResourcesBuildPhase section */

/* Begin PBXSourcesBuildPhase section */
		86BCD3071AA9B63400C58071 /* Sources */ = {
			isa = PBXSourcesBuildPhase;
			buildActionMask = 2147483647;
			files = (
				860CD4FF1AAB7A510066D5B4 /* RecordedAudio.swift in Sources */,
				86BCD3131AA9B63400C58071 /* RecorderViewController.swift in Sources */,
				86BCD3111AA9B63400C58071 /* AppDelegate.swift in Sources */,
				8639FEB21AAA2B3800A94754 /* PlayerViewController.swift in Sources */,
			);
			runOnlyForDeploymentPostprocessing = 0;
		};
		86BCD31C1AA9B63500C58071 /* Sources */ = {
			isa = PBXSourcesBuildPhase;
			buildActionMask = 2147483647;
			files = (
				86BCD3271AA9B63500C58071 /* Pitch_PerfectTests.swift in Sources */,
			);
			runOnlyForDeploymentPostprocessing = 0;
		};
/* End PBXSourcesBuildPhase section */

/* Begin PBXTargetDependency section */
		86BCD3221AA9B63500C58071 /* PBXTargetDependency */ = {
			isa = PBXTargetDependency;
			target = 86BCD30A1AA9B63400C58071 /* Pitch Perfect */;
			targetProxy = 86BCD3211AA9B63500C58071 /* PBXContainerItemProxy */;
		};
/* End PBXTargetDependency section */

/* Begin PBXVariantGroup section */
		86BCD3141AA9B63400C58071 /* Main.storyboard */ = {
			isa = PBXVariantGroup;
			children = (
				86BCD3151AA9B63400C58071 /* Base */,
			);
			name = Main.storyboard;
			sourceTree = "<group>";
		};
		86BCD3191AA9B63400C58071 /* LaunchScreen.xib */ = {
			isa = PBXVariantGroup;
			children = (
				86BCD31A1AA9B63400C58071 /* Base */,
			);
			name = LaunchScreen.xib;
			sourceTree = "<group>";
		};
/* End PBXVariantGroup section */

/* Begin XCBuildConfiguration section */
		86BCD3281AA9B63500C58071 /* Debug */ = {
			isa = XCBuildConfiguration;
			buildSettings = {
				ALWAYS_SEARCH_USER_PATHS = NO;
				CLANG_CXX_LANGUAGE_STANDARD = "gnu++0x";
				CLANG_CXX_LIBRARY = "libc++";
				CLANG_ENABLE_MODULES = YES;
				CLANG_ENABLE_OBJC_ARC = YES;
				CLANG_WARN_BOOL_CONVERSION = YES;
				CLANG_WARN_CONSTANT_CONVERSION = YES;
				CLANG_WARN_DIRECT_OBJC_ISA_USAGE = YES_ERROR;
				CLANG_WARN_EMPTY_BODY = YES;
				CLANG_WARN_ENUM_CONVERSION = YES;
				CLANG_WARN_INT_CONVERSION = YES;
				CLANG_WARN_OBJC_ROOT_CLASS = YES_ERROR;
				CLANG_WARN_UNREACHABLE_CODE = YES;
				CLANG_WARN__DUPLICATE_METHOD_MATCH = YES;
				"CODE_SIGN_IDENTITY[sdk=iphoneos*]" = "iPhone Developer";
				COPY_PHASE_STRIP = NO;
				ENABLE_STRICT_OBJC_MSGSEND = YES;
				GCC_C_LANGUAGE_STANDARD = gnu99;
				GCC_DYNAMIC_NO_PIC = NO;
				GCC_OPTIMIZATION_LEVEL = 0;
				GCC_PREPROCESSOR_DEFINITIONS = (
					"DEBUG=1",
					"$(inherited)",
				);
				GCC_SYMBOLS_PRIVATE_EXTERN = NO;
				GCC_WARN_64_TO_32_BIT_CONVERSION = YES;
				GCC_WARN_ABOUT_RETURN_TYPE = YES_ERROR;
				GCC_WARN_UNDECLARED_SELECTOR = YES;
				GCC_WARN_UNINITIALIZED_AUTOS = YES_AGGRESSIVE;
				GCC_WARN_UNUSED_FUNCTION = YES;
				GCC_WARN_UNUSED_VARIABLE = YES;
				IPHONEOS_DEPLOYMENT_TARGET = 8.1;
				MTL_ENABLE_DEBUG_INFO = YES;
				ONLY_ACTIVE_ARCH = YES;
				SDKROOT = iphoneos;
				SWIFT_OPTIMIZATION_LEVEL = "-Onone";
			};
			name = Debug;
		};
		86BCD3291AA9B63500C58071 /* Release */ = {
			isa = XCBuildConfiguration;
			buildSettings = {
				ALWAYS_SEARCH_USER_PATHS = NO;
				CLANG_CXX_LANGUAGE_STANDARD = "gnu++0x";
				CLANG_CXX_LIBRARY = "libc++";
				CLANG_ENABLE_MODULES = YES;
				CLANG_ENABLE_OBJC_ARC = YES;
				CLANG_WARN_BOOL_CONVERSION = YES;
				CLANG_WARN_CONSTANT_CONVERSION = YES;
				CLANG_WARN_DIRECT_OBJC_ISA_USAGE = YES_ERROR;
				CLANG_WARN_EMPTY_BODY = YES;
				CLANG_WARN_ENUM_CONVERSION = YES;
				CLANG_WARN_INT_CONVERSION = YES;
				CLANG_WARN_OBJC_ROOT_CLASS = YES_ERROR;
				CLANG_WARN_UNREACHABLE_CODE = YES;
				CLANG_WARN__DUPLICATE_METHOD_MATCH = YES;
				"CODE_SIGN_IDENTITY[sdk=iphoneos*]" = "iPhone Developer";
				COPY_PHASE_STRIP = YES;
				ENABLE_NS_ASSERTIONS = NO;
				ENABLE_STRICT_OBJC_MSGSEND = YES;
				GCC_C_LANGUAGE_STANDARD = gnu99;
				GCC_WARN_64_TO_32_BIT_CONVERSION = YES;
				GCC_WARN_ABOUT_RETURN_TYPE = YES_ERROR;
				GCC_WARN_UNDECLARED_SELECTOR = YES;
				GCC_WARN_UNINITIALIZED_AUTOS = YES_AGGRESSIVE;
				GCC_WARN_UNUSED_FUNCTION = YES;
				GCC_WARN_UNUSED_VARIABLE = YES;
				IPHONEOS_DEPLOYMENT_TARGET = 8.1;
				MTL_ENABLE_DEBUG_INFO = NO;
				SDKROOT = iphoneos;
				VALIDATE_PRODUCT = YES;
			};
			name = Release;
		};
		86BCD32B1AA9B63500C58071 /* Debug */ = {
			isa = XCBuildConfiguration;
			buildSettings = {
				ASSETCATALOG_COMPILER_APPICON_NAME = AppIcon;
				CODE_SIGN_IDENTITY = "iPhone Developer";
				"CODE_SIGN_IDENTITY[sdk=iphoneos*]" = "iPhone Developer";
				INFOPLIST_FILE = "Pitch Perfect/Info.plist";
				IPHONEOS_DEPLOYMENT_TARGET = 8.1;
				LD_RUNPATH_SEARCH_PATHS = "$(inherited) @executable_path/Frameworks";
				PRODUCT_NAME = "$(TARGET_NAME)";
				PROVISIONING_PROFILE = "";
				TARGETED_DEVICE_FAMILY = 1;
			};
			name = Debug;
		};
		86BCD32C1AA9B63500C58071 /* Release */ = {
			isa = XCBuildConfiguration;
			buildSettings = {
				ASSETCATALOG_COMPILER_APPICON_NAME = AppIcon;
				CODE_SIGN_IDENTITY = "iPhone Developer";
				"CODE_SIGN_IDENTITY[sdk=iphoneos*]" = "iPhone Developer";
				INFOPLIST_FILE = "Pitch Perfect/Info.plist";
				IPHONEOS_DEPLOYMENT_TARGET = 8.1;
				LD_RUNPATH_SEARCH_PATHS = "$(inherited) @executable_path/Frameworks";
				PRODUCT_NAME = "$(TARGET_NAME)";
				PROVISIONING_PROFILE = "";
				TARGETED_DEVICE_FAMILY = 1;
			};
			name = Release;
		};
		86BCD32E1AA9B63500C58071 /* Debug */ = {
			isa = XCBuildConfiguration;
			buildSettings = {
				BUNDLE_LOADER = "$(TEST_HOST)";
				FRAMEWORK_SEARCH_PATHS = (
					"$(SDKROOT)/Developer/Library/Frameworks",
					"$(inherited)",
				);
				GCC_PREPROCESSOR_DEFINITIONS = (
					"DEBUG=1",
					"$(inherited)",
				);
				INFOPLIST_FILE = "Pitch PerfectTests/Info.plist";
				LD_RUNPATH_SEARCH_PATHS = "$(inherited) @executable_path/Frameworks @loader_path/Frameworks";
				PRODUCT_NAME = "$(TARGET_NAME)";
				TEST_HOST = "$(BUILT_PRODUCTS_DIR)/Pitch Perfect.app/Pitch Perfect";
			};
			name = Debug;
		};
		86BCD32F1AA9B63500C58071 /* Release */ = {
			isa = XCBuildConfiguration;
			buildSettings = {
				BUNDLE_LOADER = "$(TEST_HOST)";
				FRAMEWORK_SEARCH_PATHS = (
					"$(SDKROOT)/Developer/Library/Frameworks",
					"$(inherited)",
				);
				INFOPLIST_FILE = "Pitch PerfectTests/Info.plist";
				LD_RUNPATH_SEARCH_PATHS = "$(inherited) @executable_path/Frameworks @loader_path/Frameworks";
				PRODUCT_NAME = "$(TARGET_NAME)";
				TEST_HOST = "$(BUILT_PRODUCTS_DIR)/Pitch Perfect.app/Pitch Perfect";
			};
			name = Release;
		};
/* End XCBuildConfiguration section */

/* Begin XCConfigurationList section */
		86BCD3061AA9B63400C58071 /* Build configuration list for PBXProject "Pitch Perfect" */ = {
			isa = XCConfigurationList;
			buildConfigurations = (
				86BCD3281AA9B63500C58071 /* Debug */,
				86BCD3291AA9B63500C58071 /* Release */,
			);
			defaultConfigurationIsVisible = 0;
			defaultConfigurationName = Release;
		};
		86BCD32A1AA9B63500C58071 /* Build configuration list for PBXNativeTarget "Pitch Perfect" */ = {
			isa = XCConfigurationList;
			buildConfigurations = (
				86BCD32B1AA9B63500C58071 /* Debug */,
				86BCD32C1AA9B63500C58071 /* Release */,
			);
			defaultConfigurationIsVisible = 0;
			defaultConfigurationName = Release;
		};
		86BCD32D1AA9B63500C58071 /* Build configuration list for PBXNativeTarget "Pitch PerfectTests" */ = {
			isa = XCConfigurationList;
			buildConfigurations = (
				86BCD32E1AA9B63500C58071 /* Debug */,
				86BCD32F1AA9B63500C58071 /* Release */,
			);
			defaultConfigurationIsVisible = 0;
			defaultConfigurationName = Release;
		};
/* End XCConfigurationList section */
	};
	rootObject = 86BCD3031AA9B63400C58071 /* Project object */;
}
